
Microsoft Visual Studio Solution File, Format Version 12.00
# Visual Studio 14
VisualStudioVersion = 14.0.23107.0
MinimumVisualStudioVersion = 10.0.40219.1
Project("{FAE04EC0-301F-11D3-BF4B-00C04F79EFBC}") = "Wx", "WxToken\Wx.csproj", "{9021B710-526B-4C29-978F-29A72CB162C4}"
EndProject
Project("{FAE04EC0-301F-11D3-BF4B-00C04F79EFBC}") = "WX.Utility", "WX.Utility\WX.Utility.csproj", "{1CC5A43F-4C54-4CB0-9414-21BA317F0F7A}"
EndProject
Global
	GlobalSection(SolutionConfigurationPlatforms) = preSolution
		Debug|Any CPU = Debug|Any CPU
		Release|Any CPU = Release|Any CPU
	EndGlobalSection
	GlobalSection(ProjectConfigurationPlatforms) = postSolution
		{9021B710-526B-4C29-978F-29A72CB162C4}.Debug|Any CPU.ActiveCfg = Debug|Any CPU
		{9021B710-526B-4C29-978F-29A72CB162C4}.Debug|Any CPU.Build.0 = Debug|Any CPU
		{9021B710-526B-4C29-978F-29A72CB162C4}.Release|Any CPU.ActiveCfg = Release|Any CPU
		{9021B710-526B-4C29-978F-29A72CB162C4}.Release|Any CPU.Build.0 = Release|Any CPU
		{1CC5A43F-4C54-4CB0-9414-21BA317F0F7A}.Debug|Any CPU.ActiveCfg = Debug|Any CPU
		{1CC5A43F-4C54-4CB0-9414-21BA317F0F7A}.Debug|Any CPU.Build.0 = Debug|Any CPU
		{1CC5A43F-4C54-4CB0-9414-21BA317F0F7A}.Release|Any CPU.ActiveCfg = Release|Any CPU
		{1CC5A43F-4C54-4CB0-9414-21BA317F0F7A}.Release|Any CPU.Build.0 = Release|Any CPU
	EndGlobalSection
	GlobalSection(SolutionProperties) = preSolution
		HideSolutionNode = FALSE
	EndGlobalSection
EndGlobal
